{
  "originHash" : "a4ad24af784550b5c1d44082a1885dc4f2d35e9072ce637253008f6eb13c7718",
  "pins" : [
    {
      "identity" : "swift-snapshot-testing",
      "kind" : "remoteSourceControl",
      "location" : "https://github.com/mackoj/swift-snapshot-testing.git",
      "state" : {
        "branch" : "b899f13",
        "revision" : "b899f13e313ff42c9c3653e7994374debc069040"
      }
    },
    {
      "identity" : "swift-syntax",
      "kind" : "remoteSourceControl",
      "location" : "https://github.com/swiftlang/swift-syntax",
      "state" : {
        "revision" : "515f79b522918f83483068d99c68daeb5116342d",
        "version" : "600.0.0-prerelease-2024-09-04"
      }
    }
  ],
  "version" : 3
}
